
Microsoft Visual Studio Solution File, Format Version 12.00
# Visual Studio Version 17
VisualStudioVersion = 17.1.32328.378
MinimumVisualStudioVersion = 10.0.40219.1
Project("{FAE04EC0-301F-11D3-BF4B-00C04F79EFBC}") = "TimesheetMobileApp.Android", "TimesheetMobileApp\TimesheetMobileApp.Android\TimesheetMobileApp.Android.csproj", "{F9374963-BE4C-4BD0-B8AF-BC058E3E29DC}"
EndProject
Project("{FAE04EC0-301F-11D3-BF4B-00C04F79EFBC}") = "TimesheetMobileApp", "TimesheetMobileApp\TimesheetMobileApp\TimesheetMobileApp.csproj", "{C52711F2-330B-4231-BF97-9D5D2F883246}"
EndProject
Global
	GlobalSection(SolutionConfigurationPlatforms) = preSolution
		Debug|Any CPU = Debug|Any CPU
		Debug|iPhone = Debug|iPhone
		Debug|iPhoneSimulator = Debug|iPhoneSimulator
		Release|Any CPU = Release|Any CPU
		Release|iPhone = Release|iPhone
		Release|iPhoneSimulator = Release|iPhoneSimulator
	EndGlobalSection
	GlobalSection(ProjectConfigurationPlatforms) = postSolution
		{F9374963-BE4C-4BD0-B8AF-BC058E3E29DC}.Debug|Any CPU.ActiveCfg = Debug|Any CPU
		{F9374963-BE4C-4BD0-B8AF-BC058E3E29DC}.Debug|Any CPU.Build.0 = Debug|Any CPU
		{F9374963-BE4C-4BD0-B8AF-BC058E3E29DC}.Debug|Any CPU.Deploy.0 = Debug|Any CPU
		{F9374963-BE4C-4BD0-B8AF-BC058E3E29DC}.Debug|iPhone.ActiveCfg = Debug|Any CPU
		{F9374963-BE4C-4BD0-B8AF-BC058E3E29DC}.Debug|iPhone.Build.0 = Debug|Any CPU
		{F9374963-BE4C-4BD0-B8AF-BC058E3E29DC}.Debug|iPhone.Deploy.0 = Debug|Any CPU
		{F9374963-BE4C-4BD0-B8AF-BC058E3E29DC}.Debug|iPhoneSimulator.ActiveCfg = Debug|Any CPU
		{F9374963-BE4C-4BD0-B8AF-BC058E3E29DC}.Debug|iPhoneSimulator.Build.0 = Debug|Any CPU
		{F9374963-BE4C-4BD0-B8AF-BC058E3E29DC}.Debug|iPhoneSimulator.Deploy.0 = Debug|Any CPU
		{F9374963-BE4C-4BD0-B8AF-BC058E3E29DC}.Release|Any CPU.ActiveCfg = Release|Any CPU
		{F9374963-BE4C-4BD0-B8AF-BC058E3E29DC}.Release|Any CPU.Build.0 = Release|Any CPU
		{F9374963-BE4C-4BD0-B8AF-BC058E3E29DC}.Release|Any CPU.Deploy.0 = Release|Any CPU
		{F9374963-BE4C-4BD0-B8AF-BC058E3E29DC}.Release|iPhone.ActiveCfg = Release|Any CPU
		{F9374963-BE4C-4BD0-B8AF-BC058E3E29DC}.Release|iPhone.Build.0 = Release|Any CPU
		{F9374963-BE4C-4BD0-B8AF-BC058E3E29DC}.Release|iPhone.Deploy.0 = Release|Any CPU
		{F9374963-BE4C-4BD0-B8AF-BC058E3E29DC}.Release|iPhoneSimulator.ActiveCfg = Release|Any CPU
		{F9374963-BE4C-4BD0-B8AF-BC058E3E29DC}.Release|iPhoneSimulator.Build.0 = Release|Any CPU
		{F9374963-BE4C-4BD0-B8AF-BC058E3E29DC}.Release|iPhoneSimulator.Deploy.0 = Release|Any CPU
		{C52711F2-330B-4231-BF97-9D5D2F883246}.Debug|Any CPU.ActiveCfg = Debug|Any CPU
		{C52711F2-330B-4231-BF97-9D5D2F883246}.Debug|Any CPU.Build.0 = Debug|Any CPU
		{C52711F2-330B-4231-BF97-9D5D2F883246}.Debug|Any CPU.Deploy.0 = Debug|Any CPU
		{C52711F2-330B-4231-BF97-9D5D2F883246}.Debug|iPhone.ActiveCfg = Debug|Any CPU
		{C52711F2-330B-4231-BF97-9D5D2F883246}.Debug|iPhone.Build.0 = Debug|Any CPU
		{C52711F2-330B-4231-BF97-9D5D2F883246}.Debug|iPhone.Deploy.0 = Debug|Any CPU
		{C52711F2-330B-4231-BF97-9D5D2F883246}.Debug|iPhoneSimulator.ActiveCfg = Debug|Any CPU
		{C52711F2-330B-4231-BF97-9D5D2F883246}.Debug|iPhoneSimulator.Build.0 = Debug|Any CPU
		{C52711F2-330B-4231-BF97-9D5D2F883246}.Debug|iPhoneSimulator.Deploy.0 = Debug|Any CPU
		{C52711F2-330B-4231-BF97-9D5D2F883246}.Release|Any CPU.ActiveCfg = Release|Any CPU
		{C52711F2-330B-4231-BF97-9D5D2F883246}.Release|Any CPU.Build.0 = Release|Any CPU
		{C52711F2-330B-4231-BF97-9D5D2F883246}.Release|Any CPU.Deploy.0 = Release|Any CPU
		{C52711F2-330B-4231-BF97-9D5D2F883246}.Release|iPhone.ActiveCfg = Release|Any CPU
		{C52711F2-330B-4231-BF97-9D5D2F883246}.Release|iPhone.Build.0 = Release|Any CPU
		{C52711F2-330B-4231-BF97-9D5D2F883246}.Release|iPhone.Deploy.0 = Release|Any CPU
		{C52711F2-330B-4231-BF97-9D5D2F883246}.Release|iPhoneSimulator.ActiveCfg = Release|Any CPU
		{C52711F2-330B-4231-BF97-9D5D2F883246}.Release|iPhoneSimulator.Build.0 = Release|Any CPU
		{C52711F2-330B-4231-BF97-9D5D2F883246}.Release|iPhoneSimulator.Deploy.0 = Release|Any CPU
	EndGlobalSection
	GlobalSection(SolutionProperties) = preSolution
		HideSolutionNode = FALSE
	EndGlobalSection
	GlobalSection(ExtensibilityGlobals) = postSolution
		SolutionGuid = {07BE51D8-B93A-41D2-992B-E3526BA3661F}
	EndGlobalSection
EndGlobal
